// !$*UTF8*$!
{
	archiveVersion = 1;
	classes = {
	};
	objectVersion = 46;
	objects = {

/* Begin PBXBuildFile section */
		A17192211E6005C000BA3697 /* main.m in Sources */ = {isa = PBXBuildFile; fileRef = A17192201E6005C000BA3697 /* main.m */; };
		A17192261E600D1700BA3697 /* Foundation.framework in Frameworks */ = {isa = PBXBuildFile; fileRef = A17192251E600D1700BA3697 /* Foundation.framework */; };
		A17192281E600D2200BA3697 /* IOKit.framework in Frameworks */ = {isa = PBXBuildFile; fileRef = A17192271E600D2200BA3697 /* IOKit.framework */; };
		A17192291E600D3300BA3697 /* IOKit.framework in Frameworks */ = {isa = PBXBuildFile; fileRef = A17192271E600D2200BA3697 /* IOKit.framework */; };
		A18181FB1E60AB1C007B1866 /* mach_info.c in Sources */ = {isa = PBXBuildFile; fileRef = A18181F71E60AB1C007B1866 /* mach_info.c */; };
		A18181FC1E60AB1C007B1866 /* mach_info.h in Headers */ = {isa = PBXBuildFile; fileRef = A18181F81E60AB1C007B1866 /* mach_info.h */; };
		A18181FD1E60AB1C007B1866 /* patchkernel.c in Sources */ = {isa = PBXBuildFile; fileRef = A18181F91E60AB1C007B1866 /* patchkernel.c */; };
		A18181FE1E60AB1C007B1866 /* patchkernel.h in Headers */ = {isa = PBXBuildFile; fileRef = A18181FA1E60AB1C007B1866 /* patchkernel.h */; };
		A18845481E5E317B009AFB9C /* PeekMsr.hpp in Headers */ = {isa = PBXBuildFile; fileRef = A18845471E5E317B009AFB9C /* PeekMsr.hpp */; };
		A188454A1E5E317B009AFB9C /* PeekMsr.cpp in Sources */ = {isa = PBXBuildFile; fileRef = A18845491E5E317B009AFB9C /* PeekMsr.cpp */; };
		A1AA15311E5FE1CA00B28602 /* PeekMsrUserClient.cpp in Sources */ = {isa = PBXBuildFile; fileRef = A1AA15301E5FE1CA00B28602 /* PeekMsrUserClient.cpp */; };
		A1E8219B1E6395340053B8BC /* exception.h in Headers */ = {isa = PBXBuildFile; fileRef = A1E821801E6395340053B8BC /* exception.h */; };
		A1E8219C1E6395340053B8BC /* hw_lock_types.h in Headers */ = {isa = PBXBuildFile; fileRef = A1E821821E6395340053B8BC /* hw_lock_types.h */; };
		A1E8219D1E6395340053B8BC /* ipc_entry.h in Headers */ = {isa = PBXBuildFile; fileRef = A1E821831E6395340053B8BC /* ipc_entry.h */; };
		A1E8219E1E6395340053B8BC /* ipc_hash.h in Headers */ = {isa = PBXBuildFile; fileRef = A1E821841E6395340053B8BC /* ipc_hash.h */; };
		A1E8219F1E6395340053B8BC /* ipc_importance.h in Headers */ = {isa = PBXBuildFile; fileRef = A1E821851E6395340053B8BC /* ipc_importance.h */; };
		A1E821A01E6395340053B8BC /* ipc_init.h in Headers */ = {isa = PBXBuildFile; fileRef = A1E821861E6395340053B8BC /* ipc_init.h */; };
		A1E821A11E6395340053B8BC /* ipc_kmsg.h in Headers */ = {isa = PBXBuildFile; fileRef = A1E821871E6395340053B8BC /* ipc_kmsg.h */; };
		A1E821A21E6395340053B8BC /* ipc_machdep.h in Headers */ = {isa = PBXBuildFile; fileRef = A1E821881E6395340053B8BC /* ipc_machdep.h */; };
		A1E821A31E6395340053B8BC /* ipc_mqueue.h in Headers */ = {isa = PBXBuildFile; fileRef = A1E821891E6395340053B8BC /* ipc_mqueue.h */; };
		A1E821A41E6395340053B8BC /* ipc_notify.h in Headers */ = {isa = PBXBuildFile; fileRef = A1E8218A1E6395340053B8BC /* ipc_notify.h */; };
		A1E821A51E6395340053B8BC /* ipc_object.h in Headers */ = {isa = PBXBuildFile; fileRef = A1E8218B1E6395340053B8BC /* ipc_object.h */; };
		A1E821A61E6395340053B8BC /* ipc_port.h in Headers */ = {isa = PBXBuildFile; fileRef = A1E8218C1E6395340053B8BC /* ipc_port.h */; };
		A1E821A71E6395340053B8BC /* ipc_pset.h in Headers */ = {isa = PBXBuildFile; fileRef = A1E8218D1E6395340053B8BC /* ipc_pset.h */; };
		A1E821A81E6395340053B8BC /* ipc_right.h in Headers */ = {isa = PBXBuildFile; fileRef = A1E8218E1E6395340053B8BC /* ipc_right.h */; };
		A1E821A91E6395340053B8BC /* ipc_space.h in Headers */ = {isa = PBXBuildFile; fileRef = A1E8218F1E6395340053B8BC /* ipc_space.h */; };
		A1E821AA1E6395340053B8BC /* ipc_table.h in Headers */ = {isa = PBXBuildFile; fileRef = A1E821901E6395340053B8BC /* ipc_table.h */; };
		A1E821AB1E6395340053B8BC /* ipc_types.h in Headers */ = {isa = PBXBuildFile; fileRef = A1E821911E6395340053B8BC /* ipc_types.h */; };
		A1E821AC1E6395340053B8BC /* ipc_voucher.h in Headers */ = {isa = PBXBuildFile; fileRef = A1E821921E6395340053B8BC /* ipc_voucher.h */; };
		A1E821AD1E6395340053B8BC /* Makefile in Sources */ = {isa = PBXBuildFile; fileRef = A1E821931E6395340053B8BC /* Makefile */; };
		A1E821AE1E6395340053B8BC /* port.h in Headers */ = {isa = PBXBuildFile; fileRef = A1E821941E6395340053B8BC /* port.h */; };
		A1E821AF1E6395340053B8BC /* spl.h in Headers */ = {isa = PBXBuildFile; fileRef = A1E821951E6395340053B8BC /* spl.h */; };
		A1E821B01E6395340053B8BC /* wait_queue.h in Headers */ = {isa = PBXBuildFile; fileRef = A1E821961E6395340053B8BC /* wait_queue.h */; };
		A1E821B11E6395340053B8BC /* kern_types.h in Headers */ = {isa = PBXBuildFile; fileRef = A1E821971E6395340053B8BC /* kern_types.h */; };
		A1E821B21E6395340053B8BC /* locks.h in Headers */ = {isa = PBXBuildFile; fileRef = A1E821981E6395340053B8BC /* locks.h */; };
		A1E821B31E6395340053B8BC /* proc_internal.h in Headers */ = {isa = PBXBuildFile; fileRef = A1E821991E6395340053B8BC /* proc_internal.h */; };
		A1E821B41E6395340053B8BC /* task.h in Headers */ = {isa = PBXBuildFile; fileRef = A1E8219A1E6395340053B8BC /* task.h */; };
/* End PBXBuildFile section */

/* Begin PBXCopyFilesBuildPhase section */
		A171921C1E6005C000BA3697 /* CopyFiles */ = {
			isa = PBXCopyFilesBuildPhase;
			buildActionMask = 2147483647;
			dstPath = /usr/share/man/man1/;
			dstSubfolderSpec = 0;
			files = (
			);
			runOnlyForDeploymentPostprocessing = 1;
		};
/* End PBXCopyFilesBuildPhase section */

/* Begin PBXFileReference section */
		A171921E1E6005C000BA3697 /* ClientPeekMsr */ = {isa = PBXFileReference; explicitFileType = "compiled.mach-o.executable"; includeInIndex = 0; path = ClientPeekMsr; sourceTree = BUILT_PRODUCTS_DIR; };
		A17192201E6005C000BA3697 /* main.m */ = {isa = PBXFileReference; lastKnownFileType = sourcecode.c.objc; path = main.m; sourceTree = "<group>"; };
		A17192251E600D1700BA3697 /* Foundation.framework */ = {isa = PBXFileReference; lastKnownFileType = wrapper.framework; name = Foundation.framework; path = System/Library/Frameworks/Foundation.framework; sourceTree = SDKROOT; };
		A17192271E600D2200BA3697 /* IOKit.framework */ = {isa = PBXFileReference; lastKnownFileType = wrapper.framework; name = IOKit.framework; path = System/Library/Frameworks/IOKit.framework; sourceTree = SDKROOT; };
		A18181F71E60AB1C007B1866 /* mach_info.c */ = {isa = PBXFileReference; fileEncoding = 4; lastKnownFileType = sourcecode.c.c; path = mach_info.c; sourceTree = "<group>"; };
		A18181F81E60AB1C007B1866 /* mach_info.h */ = {isa = PBXFileReference; fileEncoding = 4; lastKnownFileType = sourcecode.c.h; path = mach_info.h; sourceTree = "<group>"; };
		A18181F91E60AB1C007B1866 /* patchkernel.c */ = {isa = PBXFileReference; fileEncoding = 4; lastKnownFileType = sourcecode.c.c; path = patchkernel.c; sourceTree = "<group>"; };
		A18181FA1E60AB1C007B1866 /* patchkernel.h */ = {isa = PBXFileReference; fileEncoding = 4; lastKnownFileType = sourcecode.c.h; path = patchkernel.h; sourceTree = "<group>"; };
		A18845441E5E317B009AFB9C /* PeekMsr.kext */ = {isa = PBXFileReference; explicitFileType = wrapper.cfbundle; includeInIndex = 0; path = PeekMsr.kext; sourceTree = BUILT_PRODUCTS_DIR; };
		A18845471E5E317B009AFB9C /* PeekMsr.hpp */ = {isa = PBXFileReference; lastKnownFileType = sourcecode.cpp.h; path = PeekMsr.hpp; sourceTree = "<group>"; };
		A18845491E5E317B009AFB9C /* PeekMsr.cpp */ = {isa = PBXFileReference; lastKnownFileType = sourcecode.cpp.cpp; path = PeekMsr.cpp; sourceTree = "<group>"; };
		A188454B1E5E317B009AFB9C /* Info.plist */ = {isa = PBXFileReference; lastKnownFileType = text.plist.xml; path = Info.plist; sourceTree = "<group>"; };
		A1AA15301E5FE1CA00B28602 /* PeekMsrUserClient.cpp */ = {isa = PBXFileReference; fileEncoding = 4; lastKnownFileType = sourcecode.cpp.cpp; path = PeekMsrUserClient.cpp; sourceTree = "<group>"; };
		A1E821801E6395340053B8BC /* exception.h */ = {isa = PBXFileReference; fileEncoding = 4; lastKnownFileType = sourcecode.c.h; path = exception.h; sourceTree = "<group>"; };
		A1E821821E6395340053B8BC /* hw_lock_types.h */ = {isa = PBXFileReference; fileEncoding = 4; lastKnownFileType = sourcecode.c.h; path = hw_lock_types.h; sourceTree = "<group>"; };
		A1E821831E6395340053B8BC /* ipc_entry.h */ = {isa = PBXFileReference; fileEncoding = 4; lastKnownFileType = sourcecode.c.h; path = ipc_entry.h; sourceTree = "<group>"; };
		A1E821841E6395340053B8BC /* ipc_hash.h */ = {isa = PBXFileReference; fileEncoding = 4; lastKnownFileType = sourcecode.c.h; path = ipc_hash.h; sourceTree = "<group>"; };
		A1E821851E6395340053B8BC /* ipc_importance.h */ = {isa = PBXFileReference; fileEncoding = 4; lastKnownFileType = sourcecode.c.h; path = ipc_importance.h; sourceTree = "<group>"; };
		A1E821861E6395340053B8BC /* ipc_init.h */ = {isa = PBXFileReference; fileEncoding = 4; lastKnownFileType = sourcecode.c.h; path = ipc_init.h; sourceTree = "<group>"; };
		A1E821871E6395340053B8BC /* ipc_kmsg.h */ = {isa = PBXFileReference; fileEncoding = 4; lastKnownFileType = sourcecode.c.h; path = ipc_kmsg.h; sourceTree = "<group>"; };
		A1E821881E6395340053B8BC /* ipc_machdep.h */ = {isa = PBXFileReference; fileEncoding = 4; lastKnownFileType = sourcecode.c.h; path = ipc_machdep.h; sourceTree = "<group>"; };
		A1E821891E6395340053B8BC /* ipc_mqueue.h */ = {isa = PBXFileReference; fileEncoding = 4; lastKnownFileType = sourcecode.c.h; path = ipc_mqueue.h; sourceTree = "<group>"; };
		A1E8218A1E6395340053B8BC /* ipc_notify.h */ = {isa = PBXFileReference; fileEncoding = 4; lastKnownFileType = sourcecode.c.h; path = ipc_notify.h; sourceTree = "<group>"; };
		A1E8218B1E6395340053B8BC /* ipc_object.h */ = {isa = PBXFileReference; fileEncoding = 4; lastKnownFileType = sourcecode.c.h; path = ipc_object.h; sourceTree = "<group>"; };
		A1E8218C1E6395340053B8BC /* ipc_port.h */ = {isa = PBXFileReference; fileEncoding = 4; lastKnownFileType = sourcecode.c.h; path = ipc_port.h; sourceTree = "<group>"; };
		A1E8218D1E6395340053B8BC /* ipc_pset.h */ = {isa = PBXFileReference; fileEncoding = 4; lastKnownFileType = sourcecode.c.h; path = ipc_pset.h; sourceTree = "<group>"; };
		A1E8218E1E6395340053B8BC /* ipc_right.h */ = {isa = PBXFileReference; fileEncoding = 4; lastKnownFileType = sourcecode.c.h; path = ipc_right.h; sourceTree = "<group>"; };
		A1E8218F1E6395340053B8BC /* ipc_space.h */ = {isa = PBXFileReference; fileEncoding = 4; lastKnownFileType = sourcecode.c.h; path = ipc_space.h; sourceTree = "<group>"; };
		A1E821901E6395340053B8BC /* ipc_table.h */ = {isa = PBXFileReference; fileEncoding = 4; lastKnownFileType = sourcecode.c.h; path = ipc_table.h; sourceTree = "<group>"; };
		A1E821911E6395340053B8BC /* ipc_types.h */ = {isa = PBXFileReference; fileEncoding = 4; lastKnownFileType = sourcecode.c.h; path = ipc_types.h; sourceTree = "<group>"; };
		A1E821921E6395340053B8BC /* ipc_voucher.h */ = {isa = PBXFileReference; fileEncoding = 4; lastKnownFileType = sourcecode.c.h; path = ipc_voucher.h; sourceTree = "<group>"; };
		A1E821931E6395340053B8BC /* Makefile */ = {isa = PBXFileReference; fileEncoding = 4; lastKnownFileType = sourcecode.make; path = Makefile; sourceTree = "<group>"; };
		A1E821941E6395340053B8BC /* port.h */ = {isa = PBXFileReference; fileEncoding = 4; lastKnownFileType = sourcecode.c.h; path = port.h; sourceTree = "<group>"; };
		A1E821951E6395340053B8BC /* spl.h */ = {isa = PBXFileReference; fileEncoding = 4; lastKnownFileType = sourcecode.c.h; path = spl.h; sourceTree = "<group>"; };
		A1E821961E6395340053B8BC /* wait_queue.h */ = {isa = PBXFileReference; fileEncoding = 4; lastKnownFileType = sourcecode.c.h; path = wait_queue.h; sourceTree = "<group>"; };
		A1E821971E6395340053B8BC /* kern_types.h */ = {isa = PBXFileReference; fileEncoding = 4; lastKnownFileType = sourcecode.c.h; path = kern_types.h; sourceTree = "<group>"; };
		A1E821981E6395340053B8BC /* locks.h */ = {isa = PBXFileReference; fileEncoding = 4; lastKnownFileType = sourcecode.c.h; path = locks.h; sourceTree = "<group>"; };
		A1E821991E6395340053B8BC /* proc_internal.h */ = {isa = PBXFileReference; fileEncoding = 4; lastKnownFileType = sourcecode.c.h; path = proc_internal.h; sourceTree = "<group>"; };
		A1E8219A1E6395340053B8BC /* task.h */ = {isa = PBXFileReference; fileEncoding = 4; lastKnownFileType = sourcecode.c.h; path = task.h; sourceTree = "<group>"; };
/* End PBXFileReference section */

/* Begin PBXFrameworksBuildPhase section */
		A171921B1E6005C000BA3697 /* Frameworks */ = {
			isa = PBXFrameworksBuildPhase;
			buildActionMask = 2147483647;
			files = (
				A17192281E600D2200BA3697 /* IOKit.framework in Frameworks */,
				A17192261E600D1700BA3697 /* Foundation.framework in Frameworks */,
			);
			runOnlyForDeploymentPostprocessing = 0;
		};
		A18845401E5E317B009AFB9C /* Frameworks */ = {
			isa = PBXFrameworksBuildPhase;
			buildActionMask = 2147483647;
			files = (
				A17192291E600D3300BA3697 /* IOKit.framework in Frameworks */,
			);
			runOnlyForDeploymentPostprocessing = 0;
		};
/* End PBXFrameworksBuildPhase section */

/* Begin PBXGroup section */
		A171921F1E6005C000BA3697 /* ClientPeekMsr */ = {
			isa = PBXGroup;
			children = (
				A17192201E6005C000BA3697 /* main.m */,
			);
			path = ClientPeekMsr;
			sourceTree = "<group>";
		};
		A188453A1E5E317B009AFB9C = {
			isa = PBXGroup;
			children = (
				A17192271E600D2200BA3697 /* IOKit.framework */,
				A17192251E600D1700BA3697 /* Foundation.framework */,
				A18845461E5E317B009AFB9C /* PeekMsr */,
				A171921F1E6005C000BA3697 /* ClientPeekMsr */,
				A18845451E5E317B009AFB9C /* Products */,
			);
			sourceTree = "<group>";
		};
		A18845451E5E317B009AFB9C /* Products */ = {
			isa = PBXGroup;
			children = (
				A18845441E5E317B009AFB9C /* PeekMsr.kext */,
				A171921E1E6005C000BA3697 /* ClientPeekMsr */,
			);
			name = Products;
			sourceTree = "<group>";
		};
		A18845461E5E317B009AFB9C /* PeekMsr */ = {
			isa = PBXGroup;
			children = (
				A1E8217F1E6395340053B8BC /* include */,
				A18181F71E60AB1C007B1866 /* mach_info.c */,
				A18181F81E60AB1C007B1866 /* mach_info.h */,
				A18181F91E60AB1C007B1866 /* patchkernel.c */,
				A18181FA1E60AB1C007B1866 /* patchkernel.h */,
				A1AA15301E5FE1CA00B28602 /* PeekMsrUserClient.cpp */,
				A18845471E5E317B009AFB9C /* PeekMsr.hpp */,
				A18845491E5E317B009AFB9C /* PeekMsr.cpp */,
				A188454B1E5E317B009AFB9C /* Info.plist */,
			);
			path = PeekMsr;
			sourceTree = "<group>";
		};
		A1E8217F1E6395340053B8BC /* include */ = {
			isa = PBXGroup;
			children = (
				A1E821801E6395340053B8BC /* exception.h */,
				A1E821811E6395340053B8BC /* ipc */,
				A1E821971E6395340053B8BC /* kern_types.h */,
				A1E821981E6395340053B8BC /* locks.h */,
				A1E821991E6395340053B8BC /* proc_internal.h */,
				A1E8219A1E6395340053B8BC /* task.h */,
			);
			path = include;
			sourceTree = "<group>";
		};
		A1E821811E6395340053B8BC /* ipc */ = {
			isa = PBXGroup;
			children = (
				A1E821821E6395340053B8BC /* hw_lock_types.h */,
				A1E821831E6395340053B8BC /* ipc_entry.h */,
				A1E821841E6395340053B8BC /* ipc_hash.h */,
				A1E821851E6395340053B8BC /* ipc_importance.h */,
				A1E821861E6395340053B8BC /* ipc_init.h */,
				A1E821871E6395340053B8BC /* ipc_kmsg.h */,
				A1E821881E6395340053B8BC /* ipc_machdep.h */,
				A1E821891E6395340053B8BC /* ipc_mqueue.h */,
				A1E8218A1E6395340053B8BC /* ipc_notify.h */,
				A1E8218B1E6395340053B8BC /* ipc_object.h */,
				A1E8218C1E6395340053B8BC /* ipc_port.h */,
				A1E8218D1E6395340053B8BC /* ipc_pset.h */,
				A1E8218E1E6395340053B8BC /* ipc_right.h */,
				A1E8218F1E6395340053B8BC /* ipc_space.h */,
				A1E821901E6395340053B8BC /* ipc_table.h */,
				A1E821911E6395340053B8BC /* ipc_types.h */,
				A1E821921E6395340053B8BC /* ipc_voucher.h */,
				A1E821931E6395340053B8BC /* Makefile */,
				A1E821941E6395340053B8BC /* port.h */,
				A1E821951E6395340053B8BC /* spl.h */,
				A1E821961E6395340053B8BC /* wait_queue.h */,
			);
			path = ipc;
			sourceTree = "<group>";
		};
/* End PBXGroup section */

/* Begin PBXHeadersBuildPhase section */
		A18845411E5E317B009AFB9C /* Headers */ = {
			isa = PBXHeadersBuildPhase;
			buildActionMask = 2147483647;
			files = (
				A1E821A91E6395340053B8BC /* ipc_space.h in Headers */,
				A1E821AE1E6395340053B8BC /* port.h in Headers */,
				A1E821A21E6395340053B8BC /* ipc_machdep.h in Headers */,
				A1E8219C1E6395340053B8BC /* hw_lock_types.h in Headers */,
				A1E821AB1E6395340053B8BC /* ipc_types.h in Headers */,
				A1E821A51E6395340053B8BC /* ipc_object.h in Headers */,
				A1E821B21E6395340053B8BC /* locks.h in Headers */,
				A1E8219F1E6395340053B8BC /* ipc_importance.h in Headers */,
				A1E821A01E6395340053B8BC /* ipc_init.h in Headers */,
				A1E821AC1E6395340053B8BC /* ipc_voucher.h in Headers */,
				A1E821A11E6395340053B8BC /* ipc_kmsg.h in Headers */,
				A1E821A31E6395340053B8BC /* ipc_mqueue.h in Headers */,
				A1E821AA1E6395340053B8BC /* ipc_table.h in Headers */,
				A18181FE1E60AB1C007B1866 /* patchkernel.h in Headers */,
				A1E8219B1E6395340053B8BC /* exception.h in Headers */,
				A1E8219D1E6395340053B8BC /* ipc_entry.h in Headers */,
				A1E821A71E6395340053B8BC /* ipc_pset.h in Headers */,
				A1E821B11E6395340053B8BC /* kern_types.h in Headers */,
				A18845481E5E317B009AFB9C /* PeekMsr.hpp in Headers */,
				A1E821A81E6395340053B8BC /* ipc_right.h in Headers */,
				A1E821B01E6395340053B8BC /* wait_queue.h in Headers */,
				A18181FC1E60AB1C007B1866 /* mach_info.h in Headers */,
				A1E821A61E6395340053B8BC /* ipc_port.h in Headers */,
				A1E821A41E6395340053B8BC /* ipc_notify.h in Headers */,
				A1E8219E1E6395340053B8BC /* ipc_hash.h in Headers */,
				A1E821B41E6395340053B8BC /* task.h in Headers */,
				A1E821AF1E6395340053B8BC /* spl.h in Headers */,
				A1E821B31E6395340053B8BC /* proc_internal.h in Headers */,
			);
			runOnlyForDeploymentPostprocessing = 0;
		};
/* End PBXHeadersBuildPhase section */

/* Begin PBXNativeTarget section */
		A171921D1E6005C000BA3697 /* ClientPeekMsr */ = {
			isa = PBXNativeTarget;
			buildConfigurationList = A17192241E6005C000BA3697 /* Build configuration list for PBXNativeTarget "ClientPeekMsr" */;
			buildPhases = (
				A171921A1E6005C000BA3697 /* Sources */,
				A171921B1E6005C000BA3697 /* Frameworks */,
				A171921C1E6005C000BA3697 /* CopyFiles */,
			);
			buildRules = (
			);
			dependencies = (
			);
			name = ClientPeekMsr;
			productName = ClientPeekMsr;
			productReference = A171921E1E6005C000BA3697 /* ClientPeekMsr */;
			productType = "com.apple.product-type.tool";
		};
		A18845431E5E317B009AFB9C /* PeekMsr */ = {
			isa = PBXNativeTarget;
			buildConfigurationList = A188454E1E5E317B009AFB9C /* Build configuration list for PBXNativeTarget "PeekMsr" */;
			buildPhases = (
				A188453F1E5E317B009AFB9C /* Sources */,
				A18845401E5E317B009AFB9C /* Frameworks */,
				A18845411E5E317B009AFB9C /* Headers */,
				A18845421E5E317B009AFB9C /* Resources */,
			);
			buildRules = (
			);
			dependencies = (
			);
			name = PeekMsr;
			productName = PeekMsr;
			productReference = A18845441E5E317B009AFB9C /* PeekMsr.kext */;
			productType = "com.apple.product-type.kernel-extension";
		};
/* End PBXNativeTarget section */

/* Begin PBXProject section */
		A188453B1E5E317B009AFB9C /* Project object */ = {
			isa = PBXProject;
			attributes = {
				LastUpgradeCheck = 0730;
				ORGANIZATIONNAME = weng;
				TargetAttributes = {
					A171921D1E6005C000BA3697 = {
						CreatedOnToolsVersion = 7.3.1;
					};
					A18845431E5E317B009AFB9C = {
						CreatedOnToolsVersion = 7.3.1;
					};
				};
			};
			buildConfigurationList = A188453E1E5E317B009AFB9C /* Build configuration list for PBXProject "PeekMsr" */;
			compatibilityVersion = "Xcode 3.2";
			developmentRegion = English;
			hasScannedForEncodings = 0;
			knownRegions = (
				en,
			);
			mainGroup = A188453A1E5E317B009AFB9C;
			productRefGroup = A18845451E5E317B009AFB9C /* Products */;
			projectDirPath = "";
			projectRoot = "";
			targets = (
				A18845431E5E317B009AFB9C /* PeekMsr */,
				A171921D1E6005C000BA3697 /* ClientPeekMsr */,
			);
		};
/* End PBXProject section */

/* Begin PBXResourcesBuildPhase section */
		A18845421E5E317B009AFB9C /* Resources */ = {
			isa = PBXResourcesBuildPhase;
			buildActionMask = 2147483647;
			files = (
			);
			runOnlyForDeploymentPostprocessing = 0;
		};
/* End PBXResourcesBuildPhase section */

/* Begin PBXSourcesBuildPhase section */
		A171921A1E6005C000BA3697 /* Sources */ = {
			isa = PBXSourcesBuildPhase;
			buildActionMask = 2147483647;
			files = (
				A17192211E6005C000BA3697 /* main.m in Sources */,
			);
			runOnlyForDeploymentPostprocessing = 0;
		};
		A188453F1E5E317B009AFB9C /* Sources */ = {
			isa = PBXSourcesBuildPhase;
			buildActionMask = 2147483647;
			files = (
				A1E821AD1E6395340053B8BC /* Makefile in Sources */,
				A188454A1E5E317B009AFB9C /* PeekMsr.cpp in Sources */,
				A18181FB1E60AB1C007B1866 /* mach_info.c in Sources */,
				A1AA15311E5FE1CA00B28602 /* PeekMsrUserClient.cpp in Sources */,
				A18181FD1E60AB1C007B1866 /* patchkernel.c in Sources */,
			);
			runOnlyForDeploymentPostprocessing = 0;
		};
/* End PBXSourcesBuildPhase section */

/* Begin XCBuildConfiguration section */
		A17192221E6005C000BA3697 /* Debug */ = {
			isa = XCBuildConfiguration;
			buildSettings = {
				CODE_SIGN_IDENTITY = "";
				PRODUCT_NAME = "$(TARGET_NAME)";
			};
			name = Debug;
		};
		A17192231E6005C000BA3697 /* Release */ = {
			isa = XCBuildConfiguration;
			buildSettings = {
				CODE_SIGN_IDENTITY = "";
				PRODUCT_NAME = "$(TARGET_NAME)";
			};
			name = Release;
		};
		A188454C1E5E317B009AFB9C /* Debug */ = {
			isa = XCBuildConfiguration;
			buildSettings = {
				ALWAYS_SEARCH_USER_PATHS = NO;
				CLANG_ANALYZER_NONNULL = YES;
				CLANG_CXX_LANGUAGE_STANDARD = "gnu++0x";
				CLANG_CXX_LIBRARY = "libc++";
				CLANG_ENABLE_MODULES = YES;
				CLANG_ENABLE_OBJC_ARC = YES;
				CLANG_WARN_BOOL_CONVERSION = YES;
				CLANG_WARN_CONSTANT_CONVERSION = YES;
				CLANG_WARN_DIRECT_OBJC_ISA_USAGE = YES_ERROR;
				CLANG_WARN_EMPTY_BODY = YES;
				CLANG_WARN_ENUM_CONVERSION = YES;
				CLANG_WARN_INT_CONVERSION = YES;
				CLANG_WARN_OBJC_ROOT_CLASS = YES_ERROR;
				CLANG_WARN_UNREACHABLE_CODE = YES;
				CLANG_WARN__DUPLICATE_METHOD_MATCH = YES;
				CODE_SIGN_IDENTITY = "-";
				COPY_PHASE_STRIP = NO;
				DEBUG_INFORMATION_FORMAT = dwarf;
				ENABLE_STRICT_OBJC_MSGSEND = YES;
				ENABLE_TESTABILITY = YES;
				GCC_C_LANGUAGE_STANDARD = gnu99;
				GCC_DYNAMIC_NO_PIC = NO;
				GCC_NO_COMMON_BLOCKS = YES;
				GCC_OPTIMIZATION_LEVEL = 0;
				GCC_PREPROCESSOR_DEFINITIONS = (
					"DEBUG=1",
					"$(inherited)",
				);
				GCC_WARN_64_TO_32_BIT_CONVERSION = YES;
				GCC_WARN_ABOUT_RETURN_TYPE = YES_ERROR;
				GCC_WARN_UNDECLARED_SELECTOR = YES;
				GCC_WARN_UNINITIALIZED_AUTOS = YES_AGGRESSIVE;
				GCC_WARN_UNUSED_FUNCTION = YES;
				GCC_WARN_UNUSED_VARIABLE = YES;
				MACOSX_DEPLOYMENT_TARGET = 10.11;
				MTL_ENABLE_DEBUG_INFO = YES;
				ONLY_ACTIVE_ARCH = YES;
				SDKROOT = macosx;
			};
			name = Debug;
		};
		A188454D1E5E317B009AFB9C /* Release */ = {
			isa = XCBuildConfiguration;
			buildSettings = {
				ALWAYS_SEARCH_USER_PATHS = NO;
				CLANG_ANALYZER_NONNULL = YES;
				CLANG_CXX_LANGUAGE_STANDARD = "gnu++0x";
				CLANG_CXX_LIBRARY = "libc++";
				CLANG_ENABLE_MODULES = YES;
				CLANG_ENABLE_OBJC_ARC = YES;
				CLANG_WARN_BOOL_CONVERSION = YES;
				CLANG_WARN_CONSTANT_CONVERSION = YES;
				CLANG_WARN_DIRECT_OBJC_ISA_USAGE = YES_ERROR;
				CLANG_WARN_EMPTY_BODY = YES;
				CLANG_WARN_ENUM_CONVERSION = YES;
				CLANG_WARN_INT_CONVERSION = YES;
				CLANG_WARN_OBJC_ROOT_CLASS = YES_ERROR;
				CLANG_WARN_UNREACHABLE_CODE = YES;
				CLANG_WARN__DUPLICATE_METHOD_MATCH = YES;
				CODE_SIGN_IDENTITY = "-";
				COPY_PHASE_STRIP = NO;
				DEBUG_INFORMATION_FORMAT = "dwarf-with-dsym";
				ENABLE_NS_ASSERTIONS = NO;
				ENABLE_STRICT_OBJC_MSGSEND = YES;
				GCC_C_LANGUAGE_STANDARD = gnu99;
				GCC_NO_COMMON_BLOCKS = YES;
				GCC_WARN_64_TO_32_BIT_CONVERSION = YES;
				GCC_WARN_ABOUT_RETURN_TYPE = YES_ERROR;
				GCC_WARN_UNDECLARED_SELECTOR = YES;
				GCC_WARN_UNINITIALIZED_AUTOS = YES_AGGRESSIVE;
				GCC_WARN_UNUSED_FUNCTION = YES;
				GCC_WARN_UNUSED_VARIABLE = YES;
				MACOSX_DEPLOYMENT_TARGET = 10.11;
				MTL_ENABLE_DEBUG_INFO = NO;
				SDKROOT = macosx;
			};
			name = Release;
		};
		A188454F1E5E317B009AFB9C /* Debug */ = {
			isa = XCBuildConfiguration;
			buildSettings = {
				CODE_SIGN_IDENTITY = "";
				COMBINE_HIDPI_IMAGES = YES;
				CURRENT_PROJECT_VERSION = 1.0.0d1;
				INFOPLIST_FILE = PeekMsr/Info.plist;
				MODULE_NAME = com.columbia.PeekMsr;
				MODULE_VERSION = 1.0.0d1;
				PRODUCT_BUNDLE_IDENTIFIER = com.columbia.PeekMsr;
				PRODUCT_NAME = "$(TARGET_NAME)";
				WRAPPER_EXTENSION = kext;
			};
			name = Debug;
		};
		A18845501E5E317B009AFB9C /* Release */ = {
			isa = XCBuildConfiguration;
			buildSettings = {
				CODE_SIGN_IDENTITY = "";
				COMBINE_HIDPI_IMAGES = YES;
				CURRENT_PROJECT_VERSION = 1.0.0d1;
				INFOPLIST_FILE = PeekMsr/Info.plist;
				MODULE_NAME = com.columbia.PeekMsr;
				MODULE_VERSION = 1.0.0d1;
				PRODUCT_BUNDLE_IDENTIFIER = com.columbia.PeekMsr;
				PRODUCT_NAME = "$(TARGET_NAME)";
				WRAPPER_EXTENSION = kext;
			};
			name = Release;
		};
/* End XCBuildConfiguration section */

/* Begin XCConfigurationList section */
		A17192241E6005C000BA3697 /* Build configuration list for PBXNativeTarget "ClientPeekMsr" */ = {
			isa = XCConfigurationList;
			buildConfigurations = (
				A17192221E6005C000BA3697 /* Debug */,
				A17192231E6005C000BA3697 /* Release */,
			);
			defaultConfigurationIsVisible = 0;
			defaultConfigurationName = Release;
		};
		A188453E1E5E317B009AFB9C /* Build configuration list for PBXProject "PeekMsr" */ = {
			isa = XCConfigurationList;
			buildConfigurations = (
				A188454C1E5E317B009AFB9C /* Debug */,
				A188454D1E5E317B009AFB9C /* Release */,
			);
			defaultConfigurationIsVisible = 0;
			defaultConfigurationName = Release;
		};
		A188454E1E5E317B009AFB9C /* Build configuration list for PBXNativeTarget "PeekMsr" */ = {
			isa = XCConfigurationList;
			buildConfigurations = (
				A188454F1E5E317B009AFB9C /* Debug */,
				A18845501E5E317B009AFB9C /* Release */,
			);
			defaultConfigurationIsVisible = 0;
			defaultConfigurationName = Release;
		};
/* End XCConfigurationList section */
	};
	rootObject = A188453B1E5E317B009AFB9C /* Project object */;
}
